Microsoft Visual Studio Solution File, Format Version 12.00
# Visual Studio Version 17
VisualStudioVersion = 17.5.2.0
MinimumVisualStudioVersion = 10.0.40219.1
Project("{FAE04EC0-301F-11D3-BF4B-00C04F79EFBC}") = "RecomendadorDeJogos", "RecomendadorDeJogos\RecomendadorDeJogos.csproj", "{B0245799-EE6A-15CF-2653-FA9220100BFE}"
EndProject
Global
	GlobalSection(SolutionConfigurationPlatforms) = preSolution
		Debug|Any CPU = Debug|Any CPU
		Release|Any CPU = Release|Any CPU
	EndGlobalSection
	GlobalSection(ProjectConfigurationPlatforms) = postSolution
		{B0245799-EE6A-15CF-2653-FA9220100BFE}.Debug|Any CPU.ActiveCfg = Debug|Any CPU
		{B0245799-EE6A-15CF-2653-FA9220100BFE}.Debug|Any CPU.Build.0 = Debug|Any CPU
		{B0245799-EE6A-15CF-2653-FA9220100BFE}.Release|Any CPU.ActiveCfg = Release|Any CPU
		{B0245799-EE6A-15CF-2653-FA9220100BFE}.Release|Any CPU.Build.0 = Release|Any CPU
	EndGlobalSection
	GlobalSection(SolutionProperties) = preSolution
		HideSolutionNode = FALSE
	EndGlobalSection
	GlobalSection(ExtensibilityGlobals) = postSolution
		SolutionGuid = {6D40E3A4-27F3-4170-9944-B753F7004439}
	EndGlobalSection
EndGlobal
